// !$*UTF8*$!
{
 archiveVersion = 1;
 classes = { };
 objectVersion = 56;
 objects = {
  A10000000000000000000001 = {isa = PBXBuildFile; fileRef = A20000000000000000000001; };
  A10000000000000000000002 = {isa = PBXBuildFile; fileRef = A20000000000000000000002; };
  A10000000000000000000003 = {isa = PBXBuildFile; fileRef = A20000000000000000000003; };
  A10000000000000000000004 = {isa = PBXBuildFile; fileRef = A20000000000000000000004; };
  A10000000000000000000005 = {isa = PBXBuildFile; fileRef = A20000000000000000000005; };
  A10000000000000000000006 = {isa = PBXBuildFile; fileRef = A20000000000000000000006; };
  A10000000000000000000007 = {isa = PBXBuildFile; fileRef = A20000000000000000000007; };
  A10000000000000000000008 = {isa = PBXBuildFile; fileRef = A20000000000000000000008; };
  A10000000000000000000010 = {isa = PBXBuildFile; fileRef = A20000000000000000000010; };
  A20000000000000000000001 = {isa = PBXFileReference; lastKnownFileType = sourcecode.swift; path = JarvisP1SApp.swift; sourceTree = "<group>"; };
  A20000000000000000000002 = {isa = PBXFileReference; lastKnownFileType = sourcecode.swift; path = Models.swift; sourceTree = "<group>"; };
  A20000000000000000000003 = {isa = PBXFileReference; lastKnownFileType = sourcecode.swift; path = CommandParser.swift; sourceTree = "<group>"; };
  A20000000000000000000004 = {isa = PBXFileReference; lastKnownFileType = sourcecode.swift; path = AMSMapper.swift; sourceTree = "<group>"; };
  A20000000000000000000005 = {isa = PBXFileReference; lastKnownFileType = sourcecode.swift; path = Services.swift; sourceTree = "<group>"; };
  A20000000000000000000006 = {isa = PBXFileReference; lastKnownFileType = sourcecode.swift; path = JarvisAppModel.swift; sourceTree = "<group>"; };
  A20000000000000000000007 = {isa = PBXFileReference; lastKnownFileType = sourcecode.swift; path = SpeechService.swift; sourceTree = "<group>"; };
  A20000000000000000000008 = {isa = PBXFileReference; lastKnownFileType = sourcecode.swift; path = ContentView.swift; sourceTree = "<group>"; };
  A20000000000000000000010 = {isa = PBXFileReference; lastKnownFileType = sourcecode.swift; path = P1SStatusProbe.swift; sourceTree = "<group>"; };
  A20000000000000000000009 = {isa = PBXFileReference; explicitFileType = wrapper.application; path = JarvisP1S.app; sourceTree = BUILT_PRODUCTS_DIR; };
  A30000000000000000000001 = {isa = PBXFrameworksBuildPhase; buildActionMask = 2147483647; files = (); runOnlyForDeploymentPostprocessing = 0; };
  A30000000000000000000002 = {isa = PBXSourcesBuildPhase; buildActionMask = 2147483647; files = (A10000000000000000000001,A10000000000000000000002,A10000000000000000000003,A10000000000000000000004,A10000000000000000000005,A10000000000000000000006,A10000000000000000000007,A10000000000000000000008,A10000000000000000000010); runOnlyForDeploymentPostprocessing = 0; };
  A30000000000000000000003 = {isa = PBXResourcesBuildPhase; buildActionMask = 2147483647; files = (); runOnlyForDeploymentPostprocessing = 0; };
  A40000000000000000000001 = {isa = PBXGroup; children = (A40000000000000000000002,A40000000000000000000003); sourceTree = "<group>"; };
  A40000000000000000000002 = {isa = PBXGroup; children = (A20000000000000000000001,A20000000000000000000002,A20000000000000000000003,A20000000000000000000004,A20000000000000000000005,A20000000000000000000006,A20000000000000000000007,A20000000000000000000008,A20000000000000000000010); path = .; sourceTree = "<group>"; };
  A40000000000000000000003 = {isa = PBXGroup; children = (A20000000000000000000009); name = Products; sourceTree = "<group>"; };
  A50000000000000000000001 = {isa = PBXNativeTarget; buildConfigurationList = A70000000000000000000002; buildPhases = (A30000000000000000000002,A30000000000000000000001,A30000000000000000000003); buildRules = (); dependencies = (); name = JarvisP1S; productName = JarvisP1S; productReference = A20000000000000000000009; productType = "com.apple.product-type.application"; };
  A60000000000000000000001 = {isa = PBXProject; attributes = {LastUpgradeCheck = 1600; TargetAttributes = {A50000000000000000000001 = {CreatedOnToolsVersion = 16.0; }; }; }; buildConfigurationList = A70000000000000000000001; compatibilityVersion = "Xcode 14.0"; developmentRegion = en; knownRegions = (en,Base); mainGroup = A40000000000000000000001; productRefGroup = A40000000000000000000003; projectDirPath = ""; projectRoot = ""; targets = (A50000000000000000000001); };
  A80000000000000000000001 = {isa = XCBuildConfiguration; buildSettings = {CLANG_ENABLE_MODULES = YES; CODE_SIGNING_ALLOWED = NO; GENERATE_INFOPLIST_FILE = YES; INFOPLIST_KEY_NSMicrophoneUsageDescription = "Jarvis uses the microphone for voice commands."; INFOPLIST_KEY_NSLocalNetworkUsageDescription = "Jarvis uses the local network to communicate with the P1S."; INFOPLIST_KEY_NSSpeechRecognitionUsageDescription = "Jarvis uses speech recognition for voice commands."; IPHONEOS_DEPLOYMENT_TARGET = 17.0; PRODUCT_BUNDLE_IDENTIFIER = com.poulinkayvon.JarvisP1S; PRODUCT_NAME = "$(TARGET_NAME)"; SDKROOT = iphoneos; SWIFT_VERSION = 5.0; TARGETED_DEVICE_FAMILY = 1; }; name = Debug; };
  A80000000000000000000002 = {isa = XCBuildConfiguration; buildSettings = {CLANG_ENABLE_MODULES = YES; CODE_SIGNING_ALLOWED = NO; GENERATE_INFOPLIST_FILE = YES; INFOPLIST_KEY_NSMicrophoneUsageDescription = "Jarvis uses the microphone for voice commands."; INFOPLIST_KEY_NSLocalNetworkUsageDescription = "Jarvis uses the local network to communicate with the P1S."; INFOPLIST_KEY_NSSpeechRecognitionUsageDescription = "Jarvis uses speech recognition for voice commands."; IPHONEOS_DEPLOYMENT_TARGET = 17.0; PRODUCT_BUNDLE_IDENTIFIER = com.poulinkayvon.JarvisP1S; PRODUCT_NAME = "$(TARGET_NAME)"; SDKROOT = iphoneos; SWIFT_VERSION = 5.0; TARGETED_DEVICE_FAMILY = 1; }; name = Release; };
  A70000000000000000000001 = {isa = XCConfigurationList; buildConfigurations = (A80000000000000000000001,A80000000000000000000002); defaultConfigurationIsVisible = 0; defaultConfigurationName = Release; };
  A70000000000000000000002 = {isa = XCConfigurationList; buildConfigurations = (A80000000000000000000001,A80000000000000000000002); defaultConfigurationIsVisible = 0; defaultConfigurationName = Release; };
 };
 rootObject = A60000000000000000000001;
}